
Microsoft Visual Studio Solution File, Format Version 12.00
# Visual Studio 2013
VisualStudioVersion = 12.0.31101.0
MinimumVisualStudioVersion = 10.0.40219.1
Project("{8BC9CEB8-8B4A-11D0-8D11-00A0C91BC942}") = "1_1_ListComputeDevice", "1_1_ListComputeDevice\1_1_ListComputeDevice.vcxproj", "{1F9BD428-B0C5-4468-830C-A9FB056D60D6}"
EndProject
Project("{8BC9CEB8-8B4A-11D0-8D11-00A0C91BC942}") = "1_2_AddingNumber", "1_2_AddingNumber\1_2_AddingNumber.vcxproj", "{1C2D7A81-D2BE-4FB2-9E11-AC4A3ABC3D09}"
EndProject
Project("{8BC9CEB8-8B4A-11D0-8D11-00A0C91BC942}") = "1_3_AddingNumbersArray", "1_3_AddingNumbersArray\1_3_AddingNumbersArray.vcxproj", "{4123C8F2-B266-4C75-B437-26F972811574}"
EndProject
Project("{8BC9CEB8-8B4A-11D0-8D11-00A0C91BC942}") = "1_4_AddingNumbers50000", "1_4_AddingNumbers50000\1_4_AddingNumbers50000.vcxproj", "{2EB3BDFF-D682-4B4E-BF8A-7CDAD4DC18DB}"
EndProject
Project("{2150E333-8FDC-42A3-9474-1A3956D46DE8}") = "Basic", "Basic", "{B5EC3A85-2957-461F-A366-1D1BD8C21109}"
EndProject
Project("{2150E333-8FDC-42A3-9474-1A3956D46DE8}") = "Matrix", "Matrix", "{1EA2AC15-B3DC-4ECB-8C58-BC4677F7692E}"
EndProject
Project("{8BC9CEB8-8B4A-11D0-8D11-00A0C91BC942}") = "2_1_Matrix_Addition", "2_1_Matrix_Addition\2_1_Matrix_Addition.vcxproj", "{15004CDC-4E68-455E-942D-B37226543553}"
EndProject
Project("{8BC9CEB8-8B4A-11D0-8D11-00A0C91BC942}") = "2_2_Matrix_Multiplication", "2_2_Matrix_Multiplication\2_2_Matrix_Multiplication.vcxproj", "{1583BE06-50DC-4E08-88D0-7EE0EE712B7F}"
EndProject
Global
	GlobalSection(SolutionConfigurationPlatforms) = preSolution
		Debug|Win32 = Debug|Win32
		Debug|x64 = Debug|x64
		Release|Win32 = Release|Win32
		Release|x64 = Release|x64
	EndGlobalSection
	GlobalSection(ProjectConfigurationPlatforms) = postSolution
		{1F9BD428-B0C5-4468-830C-A9FB056D60D6}.Debug|Win32.ActiveCfg = Debug|Win32
		{1F9BD428-B0C5-4468-830C-A9FB056D60D6}.Debug|Win32.Build.0 = Debug|Win32
		{1F9BD428-B0C5-4468-830C-A9FB056D60D6}.Debug|x64.ActiveCfg = Debug|x64
		{1F9BD428-B0C5-4468-830C-A9FB056D60D6}.Debug|x64.Build.0 = Debug|x64
		{1F9BD428-B0C5-4468-830C-A9FB056D60D6}.Release|Win32.ActiveCfg = Release|Win32
		{1F9BD428-B0C5-4468-830C-A9FB056D60D6}.Release|Win32.Build.0 = Release|Win32
		{1F9BD428-B0C5-4468-830C-A9FB056D60D6}.Release|x64.ActiveCfg = Release|x64
		{1F9BD428-B0C5-4468-830C-A9FB056D60D6}.Release|x64.Build.0 = Release|x64
		{1C2D7A81-D2BE-4FB2-9E11-AC4A3ABC3D09}.Debug|Win32.ActiveCfg = Debug|Win32
		{1C2D7A81-D2BE-4FB2-9E11-AC4A3ABC3D09}.Debug|Win32.Build.0 = Debug|Win32
		{1C2D7A81-D2BE-4FB2-9E11-AC4A3ABC3D09}.Debug|x64.ActiveCfg = Debug|x64
		{1C2D7A81-D2BE-4FB2-9E11-AC4A3ABC3D09}.Debug|x64.Build.0 = Debug|x64
		{1C2D7A81-D2BE-4FB2-9E11-AC4A3ABC3D09}.Release|Win32.ActiveCfg = Release|Win32
		{1C2D7A81-D2BE-4FB2-9E11-AC4A3ABC3D09}.Release|Win32.Build.0 = Release|Win32
		{1C2D7A81-D2BE-4FB2-9E11-AC4A3ABC3D09}.Release|x64.ActiveCfg = Release|x64
		{1C2D7A81-D2BE-4FB2-9E11-AC4A3ABC3D09}.Release|x64.Build.0 = Release|x64
		{4123C8F2-B266-4C75-B437-26F972811574}.Debug|Win32.ActiveCfg = Debug|Win32
		{4123C8F2-B266-4C75-B437-26F972811574}.Debug|Win32.Build.0 = Debug|Win32
		{4123C8F2-B266-4C75-B437-26F972811574}.Debug|x64.ActiveCfg = Debug|x64
		{4123C8F2-B266-4C75-B437-26F972811574}.Debug|x64.Build.0 = Debug|x64
		{4123C8F2-B266-4C75-B437-26F972811574}.Release|Win32.ActiveCfg = Release|Win32
		{4123C8F2-B266-4C75-B437-26F972811574}.Release|Win32.Build.0 = Release|Win32
		{4123C8F2-B266-4C75-B437-26F972811574}.Release|x64.ActiveCfg = Release|x64
		{4123C8F2-B266-4C75-B437-26F972811574}.Release|x64.Build.0 = Release|x64
		{2EB3BDFF-D682-4B4E-BF8A-7CDAD4DC18DB}.Debug|Win32.ActiveCfg = Debug|Win32
		{2EB3BDFF-D682-4B4E-BF8A-7CDAD4DC18DB}.Debug|Win32.Build.0 = Debug|Win32
		{2EB3BDFF-D682-4B4E-BF8A-7CDAD4DC18DB}.Debug|x64.ActiveCfg = Debug|x64
		{2EB3BDFF-D682-4B4E-BF8A-7CDAD4DC18DB}.Debug|x64.Build.0 = Debug|x64
		{2EB3BDFF-D682-4B4E-BF8A-7CDAD4DC18DB}.Release|Win32.ActiveCfg = Release|Win32
		{2EB3BDFF-D682-4B4E-BF8A-7CDAD4DC18DB}.Release|Win32.Build.0 = Release|Win32
		{2EB3BDFF-D682-4B4E-BF8A-7CDAD4DC18DB}.Release|x64.ActiveCfg = Release|x64
		{2EB3BDFF-D682-4B4E-BF8A-7CDAD4DC18DB}.Release|x64.Build.0 = Release|x64
		{15004CDC-4E68-455E-942D-B37226543553}.Debug|Win32.ActiveCfg = Debug|Win32
		{15004CDC-4E68-455E-942D-B37226543553}.Debug|Win32.Build.0 = Debug|Win32
		{15004CDC-4E68-455E-942D-B37226543553}.Debug|x64.ActiveCfg = Debug|x64
		{15004CDC-4E68-455E-942D-B37226543553}.Debug|x64.Build.0 = Debug|x64
		{15004CDC-4E68-455E-942D-B37226543553}.Release|Win32.ActiveCfg = Release|Win32
		{15004CDC-4E68-455E-942D-B37226543553}.Release|Win32.Build.0 = Release|Win32
		{15004CDC-4E68-455E-942D-B37226543553}.Release|x64.ActiveCfg = Release|x64
		{15004CDC-4E68-455E-942D-B37226543553}.Release|x64.Build.0 = Release|x64
		{1583BE06-50DC-4E08-88D0-7EE0EE712B7F}.Debug|Win32.ActiveCfg = Debug|Win32
		{1583BE06-50DC-4E08-88D0-7EE0EE712B7F}.Debug|Win32.Build.0 = Debug|Win32
		{1583BE06-50DC-4E08-88D0-7EE0EE712B7F}.Debug|x64.ActiveCfg = Debug|Win32
		{1583BE06-50DC-4E08-88D0-7EE0EE712B7F}.Release|Win32.ActiveCfg = Release|Win32
		{1583BE06-50DC-4E08-88D0-7EE0EE712B7F}.Release|Win32.Build.0 = Release|Win32
		{1583BE06-50DC-4E08-88D0-7EE0EE712B7F}.Release|x64.ActiveCfg = Release|Win32
	EndGlobalSection
	GlobalSection(SolutionProperties) = preSolution
		HideSolutionNode = FALSE
	EndGlobalSection
	GlobalSection(NestedProjects) = preSolution
		{1F9BD428-B0C5-4468-830C-A9FB056D60D6} = {B5EC3A85-2957-461F-A366-1D1BD8C21109}
		{1C2D7A81-D2BE-4FB2-9E11-AC4A3ABC3D09} = {B5EC3A85-2957-461F-A366-1D1BD8C21109}
		{4123C8F2-B266-4C75-B437-26F972811574} = {B5EC3A85-2957-461F-A366-1D1BD8C21109}
		{2EB3BDFF-D682-4B4E-BF8A-7CDAD4DC18DB} = {B5EC3A85-2957-461F-A366-1D1BD8C21109}
		{15004CDC-4E68-455E-942D-B37226543553} = {1EA2AC15-B3DC-4ECB-8C58-BC4677F7692E}
		{1583BE06-50DC-4E08-88D0-7EE0EE712B7F} = {1EA2AC15-B3DC-4ECB-8C58-BC4677F7692E}
	EndGlobalSection
EndGlobal
